// !$*UTF8*$!
{
	archiveVersion = 1;
	classes = {
	};
	objectVersion = 77;
	objects = {

/* Begin PBXBuildFile section */
		DCD635F72E211EBA00FFEF46 /* .gitignore in Resources */ = {isa = PBXBuildFile; fileRef = DCD635F62E211EBA00FFEF46 /* .gitignore */; };
/* End PBXBuildFile section */

/* Begin PBXContainerItemProxy section */
		DC1452722E1BD2DA00F534EA /* PBXContainerItemProxy */ = {
			isa = PBXContainerItemProxy;
			containerPortal = DC1452592E1BD2D900F534EA /* Project object */;
			proxyType = 1;
			remoteGlobalIDString = DC1452602E1BD2D900F534EA;
			remoteInfo = Elements;
		};
		DC14527C2E1BD2DA00F534EA /* PBXContainerItemProxy */ = {
			isa = PBXContainerItemProxy;
			containerPortal = DC1452592E1BD2D900F534EA /* Project object */;
			proxyType = 1;
			remoteGlobalIDString = DC1452602E1BD2D900F534EA;
			remoteInfo = Elements;
		};
/* End PBXContainerItemProxy section */

/* Begin PBXFileReference section */
		DC1452612E1BD2D900F534EA /* Elements.app */ = {isa = PBXFileReference; explicitFileType = wrapper.application; includeInIndex = 0; path = Elements.app; sourceTree = BUILT_PRODUCTS_DIR; };
		DC1452712E1BD2DA00F534EA /* ElementsTests.xctest */ = {isa = PBXFileReference; explicitFileType = wrapper.cfbundle; includeInIndex = 0; path = ElementsTests.xctest; sourceTree = BUILT_PRODUCTS_DIR; };
		DC14527B2E1BD2DA00F534EA /* ElementsUITests.xctest */ = {isa = PBXFileReference; explicitFileType = wrapper.cfbundle; includeInIndex = 0; path = ElementsUITests.xctest; sourceTree = BUILT_PRODUCTS_DIR; };
		DCD635F62E211EBA00FFEF46 /* .gitignore */ = {isa = PBXFileReference; lastKnownFileType = text; path = .gitignore; sourceTree = "<group>"; };
/* End PBXFileReference section */

/* Begin PBXFileSystemSynchronizedRootGroup section */
		DC1452632E1BD2D900F534EA /* Elements */ = {
			isa = PBXFileSystemSynchronizedRootGroup;
			path = Elements;
			sourceTree = "<group>";
		};
		DC1452742E1BD2DA00F534EA /* ElementsTests */ = {
			isa = PBXFileSystemSynchronizedRootGroup;
			path = ElementsTests;
			sourceTree = "<group>";
		};
		DC14527E2E1BD2DA00F534EA /* ElementsUITests */ = {
			isa = PBXFileSystemSynchronizedRootGroup;
			path = ElementsUITests;
			sourceTree = "<group>";
		};
/* End PBXFileSystemSynchronizedRootGroup section */

/* Begin PBXFrameworksBuildPhase section */
		DC14525E2E1BD2D900F534EA /* Frameworks */ = {
			isa = PBXFrameworksBuildPhase;
			buildActionMask = 2147483647;
			files = (
			);
			runOnlyForDeploymentPostprocessing = 0;
		};
		DC14526E2E1BD2DA00F534EA /* Frameworks */ = {
			isa = PBXFrameworksBuildPhase;
			buildActionMask = 2147483647;
			files = (
			);
			runOnlyForDeploymentPostprocessing = 0;
		};
		DC1452782E1BD2DA00F534EA /* Frameworks */ = {
			isa = PBXFrameworksBuildPhase;
			buildActionMask = 2147483647;
			files = (
			);
			runOnlyForDeploymentPostprocessing = 0;
		};
/* End PBXFrameworksBuildPhase section */

/* Begin PBXGroup section */
		DC1452582E1BD2D900F534EA = {
			isa = PBXGroup;
			children = (
				DCD635F62E211EBA00FFEF46 /* .gitignore */,
				DC1452632E1BD2D900F534EA /* Elements */,
				DC1452742E1BD2DA00F534EA /* ElementsTests */,
				DC14527E2E1BD2DA00F534EA /* ElementsUITests */,
				DC1452622E1BD2D900F534EA /* Products */,
			);
			sourceTree = "<group>";
		};
		DC1452622E1BD2D900F534EA /* Products */ = {
			isa = PBXGroup;
			children = (
				DC1452612E1BD2D900F534EA /* Elements.app */,
				DC1452712E1BD2DA00F534EA /* ElementsTests.xctest */,
				DC14527B2E1BD2DA00F534EA /* ElementsUITests.xctest */,
			);
			name = Products;
			sourceTree = "<group>";
		};
/* End PBXGroup section */

/* Begin PBXNativeTarget section */
		DC1452602E1BD2D900F534EA /* Elements */ = {
			isa = PBXNativeTarget;
			buildConfigurationList = DC1452852E1BD2DA00F534EA /* Build configuration list for PBXNativeTarget "Elements" */;
			buildPhases = (
				DC14525D2E1BD2D900F534EA /* Sources */,
				DC14525E2E1BD2D900F534EA /* Frameworks */,
				DC14525F2E1BD2D900F534EA /* Resources */,
			);
			buildRules = (
			);
			dependencies = (
			);
			fileSystemSynchronizedGroups = (
				DC1452632E1BD2D900F534EA /* Elements */,
			);
			name = Elements;
			packageProductDependencies = (
			);
			productName = Elements;
			productReference = DC1452612E1BD2D900F534EA /* Elements.app */;
			productType = "com.apple.product-type.application";
		};
		DC1452702E1BD2DA00F534EA /* ElementsTests */ = {
			isa = PBXNativeTarget;
			buildConfigurationList = DC1452882E1BD2DA00F534EA /* Build configuration list for PBXNativeTarget "ElementsTests" */;
			buildPhases = (
				DC14526D2E1BD2DA00F534EA /* Sources */,
				DC14526E2E1BD2DA00F534EA /* Frameworks */,
				DC14526F2E1BD2DA00F534EA /* Resources */,
			);
			buildRules = (
			);
			dependencies = (
				DC1452732E1BD2DA00F534EA /* PBXTargetDependency */,
			);
			fileSystemSynchronizedGroups = (
				DC1452742E1BD2DA00F534EA /* ElementsTests */,
			);
			name = ElementsTests;
			packageProductDependencies = (
			);
			productName = ElementsTests;
			productReference = DC1452712E1BD2DA00F534EA /* ElementsTests.xctest */;
			productType = "com.apple.product-type.bundle.unit-test";
		};
		DC14527A2E1BD2DA00F534EA /* ElementsUITests */ = {
			isa = PBXNativeTarget;
			buildConfigurationList = DC14528B2E1BD2DA00F534EA /* Build configuration list for PBXNativeTarget "ElementsUITests" */;
			buildPhases = (
				DC1452772E1BD2DA00F534EA /* Sources */,
				DC1452782E1BD2DA00F534EA /* Frameworks */,
				DC1452792E1BD2DA00F534EA /* Resources */,
			);
			buildRules = (
			);
			dependencies = (
				DC14527D2E1BD2DA00F534EA /* PBXTargetDependency */,
			);
			fileSystemSynchronizedGroups = (
				DC14527E2E1BD2DA00F534EA /* ElementsUITests */,
			);
			name = ElementsUITests;
			packageProductDependencies = (
			);
			productName = ElementsUITests;
			productReference = DC14527B2E1BD2DA00F534EA /* ElementsUITests.xctest */;
			productType = "com.apple.product-type.bundle.ui-testing";
		};
/* End PBXNativeTarget section */

/* Begin PBXProject section */
		DC1452592E1BD2D900F534EA /* Project object */ = {
			isa = PBXProject;
			attributes = {
				BuildIndependentTargetsInParallel = 1;
				LastSwiftUpdateCheck = 1620;
				LastUpgradeCheck = 1620;
				TargetAttributes = {
					DC1452602E1BD2D900F534EA = {
						CreatedOnToolsVersion = 16.2;
					};
					DC1452702E1BD2DA00F534EA = {
						CreatedOnToolsVersion = 16.2;
						TestTargetID = DC1452602E1BD2D900F534EA;
					};
					DC14527A2E1BD2DA00F534EA = {
						CreatedOnToolsVersion = 16.2;
						TestTargetID = DC1452602E1BD2D900F534EA;
					};
				};
			};
			buildConfigurationList = DC14525C2E1BD2D900F534EA /* Build configuration list for PBXProject "Elements" */;
			developmentRegion = en;
			hasScannedForEncodings = 0;
			knownRegions = (
				en,
				Base,
			);
			mainGroup = DC1452582E1BD2D900F534EA;
			minimizedProjectReferenceProxies = 1;
			preferredProjectObjectVersion = 77;
			productRefGroup = DC1452622E1BD2D900F534EA /* Products */;
			projectDirPath = "";
			projectRoot = "";
			targets = (
				DC1452602E1BD2D900F534EA /* Elements */,
				DC1452702E1BD2DA00F534EA /* ElementsTests */,
				DC14527A2E1BD2DA00F534EA /* ElementsUITests */,
			);
		};
/* End PBXProject section */

/* Begin PBXResourcesBuildPhase section */
		DC14525F2E1BD2D900F534EA /* Resources */ = {
			isa = PBXResourcesBuildPhase;
			buildActionMask = 2147483647;
			files = (
				DCD635F72E211EBA00FFEF46 /* .gitignore in Resources */,
			);
			runOnlyForDeploymentPostprocessing = 0;
		};
		DC14526F2E1BD2DA00F534EA /* Resources */ = {
			isa = PBXResourcesBuildPhase;
			buildActionMask = 2147483647;
			files = (
			);
			runOnlyForDeploymentPostprocessing = 0;
		};
		DC1452792E1BD2DA00F534EA /* Resources */ = {
			isa = PBXResourcesBuildPhase;
			buildActionMask = 2147483647;
			files = (
			);
			runOnlyForDeploymentPostprocessing = 0;
		};
/* End PBXResourcesBuildPhase section */

/* Begin PBXSourcesBuildPhase section */
		DC14525D2E1BD2D900F534EA /* Sources */ = {
			isa = PBXSourcesBuildPhase;
			buildActionMask = 2147483647;
			files = (
			);
			runOnlyForDeploymentPostprocessing = 0;
		};
		DC14526D2E1BD2DA00F534EA /* Sources */ = {
			isa = PBXSourcesBuildPhase;
			buildActionMask = 2147483647;
			files = (
			);
			runOnlyForDeploymentPostprocessing = 0;
		};
		DC1452772E1BD2DA00F534EA /* Sources */ = {
			isa = PBXSourcesBuildPhase;
			buildActionMask = 2147483647;
			files = (
			);
			runOnlyForDeploymentPostprocessing = 0;
		};
/* End PBXSourcesBuildPhase section */

/* Begin PBXTargetDependency section */
		DC1452732E1BD2DA00F534EA /* PBXTargetDependency */ = {
			isa = PBXTargetDependency;
			target = DC1452602E1BD2D900F534EA /* Elements */;
			targetProxy = DC1452722E1BD2DA00F534EA /* PBXContainerItemProxy */;
		};
		DC14527D2E1BD2DA00F534EA /* PBXTargetDependency */ = {
			isa = PBXTargetDependency;
			target = DC1452602E1BD2D900F534EA /* Elements */;
			targetProxy = DC14527C2E1BD2DA00F534EA /* PBXContainerItemProxy */;
		};
/* End PBXTargetDependency section */

/* Begin XCBuildConfiguration section */
		DC1452832E1BD2DA00F534EA /* Debug */ = {
			isa = XCBuildConfiguration;
			buildSettings = {
				ALWAYS_SEARCH_USER_PATHS = NO;
				ASSETCATALOG_COMPILER_GENERATE_SWIFT_ASSET_SYMBOL_EXTENSIONS = YES;
				CLANG_ANALYZER_NONNULL = YES;
				CLANG_ANALYZER_NUMBER_OBJECT_CONVERSION = YES_AGGRESSIVE;
				CLANG_CXX_LANGUAGE_STANDARD = "gnu++20";
				CLANG_ENABLE_MODULES = YES;
				CLANG_ENABLE_OBJC_ARC = YES;
				CLANG_ENABLE_OBJC_WEAK = YES;
				CLANG_WARN_BLOCK_CAPTURE_AUTORELEASING = YES;
				CLANG_WARN_BOOL_CONVERSION = YES;
				CLANG_WARN_COMMA = YES;
				CLANG_WARN_CONSTANT_CONVERSION = YES;
				CLANG_WARN_DEPRECATED_OBJC_IMPLEMENTATIONS = YES;
				CLANG_WARN_DIRECT_OBJC_ISA_USAGE = YES_ERROR;
				CLANG_WARN_DOCUMENTATION_COMMENTS = YES;
				CLANG_WARN_EMPTY_BODY = YES;
				CLANG_WARN_ENUM_CONVERSION = YES;
				CLANG_WARN_INFINITE_RECURSION = YES;
				CLANG_WARN_INT_CONVERSION = YES;
				CLANG_WARN_NON_LITERAL_NULL_CONVERSION = YES;
				CLANG_WARN_OBJC_IMPLICIT_RETAIN_SELF = YES;
				CLANG_WARN_OBJC_LITERAL_CONVERSION = YES;
				CLANG_WARN_OBJC_ROOT_CLASS = YES_ERROR;
				CLANG_WARN_QUOTED_INCLUDE_IN_FRAMEWORK_HEADER = YES;
				CLANG_WARN_RANGE_LOOP_ANALYSIS = YES;
				CLANG_WARN_STRICT_PROTOTYPES = YES;
				CLANG_WARN_SUSPICIOUS_MOVE = YES;
				CLANG_WARN_UNGUARDED_AVAILABILITY = YES_AGGRESSIVE;
				CLANG_WARN_UNREACHABLE_CODE = YES;
				CLANG_WARN__DUPLICATE_METHOD_MATCH = YES;
				COPY_PHASE_STRIP = NO;
				DEBUG_INFORMATION_FORMAT = dwarf;
				ENABLE_STRICT_OBJC_MSGSEND = YES;
				ENABLE_TESTABILITY = YES;
				ENABLE_USER_SCRIPT_SANDBOXING = YES;
				GCC_C_LANGUAGE_STANDARD = gnu17;
				GCC_DYNAMIC_NO_PIC = NO;
				GCC_NO_COMMON_BLOCKS = YES;
				GCC_OPTIMIZATION_LEVEL = 0;
				GCC_PREPROCESSOR_DEFINITIONS = (
					"DEBUG=1",
					"$(inherited)",
				);
				GCC_WARN_64_TO_32_BIT_CONVERSION = YES;
				GCC_WARN_ABOUT_RETURN_TYPE = YES_ERROR;
				GCC_WARN_UNDECLARED_SELECTOR = YES;
				GCC_WARN_UNINITIALIZED_AUTOS = YES_AGGRESSIVE;
				GCC_WARN_UNUSED_FUNCTION = YES;
				GCC_WARN_UNUSED_VARIABLE = YES;
				IPHONEOS_DEPLOYMENT_TARGET = 18.2;
				LOCALIZATION_PREFERS_STRING_CATALOGS = YES;
				MTL_ENABLE_DEBUG_INFO = INCLUDE_SOURCE;
				MTL_FAST_MATH = YES;
				ONLY_ACTIVE_ARCH = YES;
				SDKROOT = iphoneos;
				SWIFT_ACTIVE_COMPILATION_CONDITIONS = "DEBUG $(inherited)";
				SWIFT_OPTIMIZATION_LEVEL = "-Onone";
			};
			name = Debug;
		};
		DC1452842E1BD2DA00F534EA /* Release */ = {
			isa = XCBuildConfiguration;
			buildSettings = {
				ALWAYS_SEARCH_USER_PATHS = NO;
				ASSETCATALOG_COMPILER_GENERATE_SWIFT_ASSET_SYMBOL_EXTENSIONS = YES;
				CLANG_ANALYZER_NONNULL = YES;
				CLANG_ANALYZER_NUMBER_OBJECT_CONVERSION = YES_AGGRESSIVE;
				CLANG_CXX_LANGUAGE_STANDARD = "gnu++20";
				CLANG_ENABLE_MODULES = YES;
				CLANG_ENABLE_OBJC_ARC = YES;
				CLANG_ENABLE_OBJC_WEAK = YES;
				CLANG_WARN_BLOCK_CAPTURE_AUTORELEASING = YES;
				CLANG_WARN_BOOL_CONVERSION = YES;
				CLANG_WARN_COMMA = YES;
				CLANG_WARN_CONSTANT_CONVERSION = YES;
				CLANG_WARN_DEPRECATED_OBJC_IMPLEMENTATIONS = YES;
				CLANG_WARN_DIRECT_OBJC_ISA_USAGE = YES_ERROR;
				CLANG_WARN_DOCUMENTATION_COMMENTS = YES;
				CLANG_WARN_EMPTY_BODY = YES;
				CLANG_WARN_ENUM_CONVERSION = YES;
				CLANG_WARN_INFINITE_RECURSION = YES;
				CLANG_WARN_INT_CONVERSION = YES;
				CLANG_WARN_NON_LITERAL_NULL_CONVERSION = YES;
				CLANG_WARN_OBJC_IMPLICIT_RETAIN_SELF = YES;
				CLANG_WARN_OBJC_LITERAL_CONVERSION = YES;
				CLANG_WARN_OBJC_ROOT_CLASS = YES_ERROR;
				CLANG_WARN_QUOTED_INCLUDE_IN_FRAMEWORK_HEADER = YES;
				CLANG_WARN_RANGE_LOOP_ANALYSIS = YES;
				CLANG_WARN_STRICT_PROTOTYPES = YES;
				CLANG_WARN_SUSPICIOUS_MOVE = YES;
				CLANG_WARN_UNGUARDED_AVAILABILITY = YES_AGGRESSIVE;
				CLANG_WARN_UNREACHABLE_CODE = YES;
				CLANG_WARN__DUPLICATE_METHOD_MATCH = YES;
				COPY_PHASE_STRIP = NO;
				DEBUG_INFORMATION_FORMAT = "dwarf-with-dsym";
				ENABLE_NS_ASSERTIONS = NO;
				ENABLE_STRICT_OBJC_MSGSEND = YES;
				ENABLE_USER_SCRIPT_SANDBOXING = YES;
				GCC_C_LANGUAGE_STANDARD = gnu17;
				GCC_NO_COMMON_BLOCKS = YES;
				GCC_WARN_64_TO_32_BIT_CONVERSION = YES;
				GCC_WARN_ABOUT_RETURN_TYPE = YES_ERROR;
				GCC_WARN_UNDECLARED_SELECTOR = YES;
				GCC_WARN_UNINITIALIZED_AUTOS = YES_AGGRESSIVE;
				GCC_WARN_UNUSED_FUNCTION = YES;
				GCC_WARN_UNUSED_VARIABLE = YES;
				IPHONEOS_DEPLOYMENT_TARGET = 18.2;
				LOCALIZATION_PREFERS_STRING_CATALOGS = YES;
				MTL_ENABLE_DEBUG_INFO = NO;
				MTL_FAST_MATH = YES;
				SDKROOT = iphoneos;
				SWIFT_COMPILATION_MODE = wholemodule;
				VALIDATE_PRODUCT = YES;
			};
			name = Release;
		};
		DC1452862E1BD2DA00F534EA /* Debug */ = {
			isa = XCBuildConfiguration;
			buildSettings = {
				ASSETCATALOG_COMPILER_APPICON_NAME = AppIcon;
				ASSETCATALOG_COMPILER_GLOBAL_ACCENT_COLOR_NAME = AccentColor;
				CODE_SIGN_STYLE = Automatic;
				CURRENT_PROJECT_VERSION = 1;
				DEVELOPMENT_ASSET_PATHS = "\"Elements/Preview Content\"";
				ENABLE_PREVIEWS = YES;
				GENERATE_INFOPLIST_FILE = YES;
				INFOPLIST_KEY_UIApplicationSceneManifest_Generation = YES;
				INFOPLIST_KEY_UIApplicationSupportsIndirectInputEvents = YES;
				INFOPLIST_KEY_UILaunchScreen_Generation = YES;
				INFOPLIST_KEY_UISupportedInterfaceOrientations_iPad = "UIInterfaceOrientationPortrait UIInterfaceOrientationPortraitUpsideDown UIInterfaceOrientationLandscapeLeft UIInterfaceOrientationLandscapeRight";
				INFOPLIST_KEY_UISupportedInterfaceOrientations_iPhone = "UIInterfaceOrientationPortrait UIInterfaceOrientationLandscapeLeft UIInterfaceOrientationLandscapeRight";
				LD_RUNPATH_SEARCH_PATHS = (
					"$(inherited)",
					"@executable_path/Frameworks",
				);
				MARKETING_VERSION = 1.0;
				PRODUCT_BUNDLE_IDENTIFIER = exam.Elements;
				PRODUCT_NAME = "$(TARGET_NAME)";
				SWIFT_EMIT_LOC_STRINGS = YES;
				SWIFT_VERSION = 5.0;
				TARGETED_DEVICE_FAMILY = "1,2";
			};
			name = Debug;
		};
		DC1452872E1BD2DA00F534EA /* Release */ = {
			isa = XCBuildConfiguration;
			buildSettings = {
				ASSETCATALOG_COMPILER_APPICON_NAME = AppIcon;
				ASSETCATALOG_COMPILER_GLOBAL_ACCENT_COLOR_NAME = AccentColor;
				CODE_SIGN_STYLE = Automatic;
				CURRENT_PROJECT_VERSION = 1;
				DEVELOPMENT_ASSET_PATHS = "\"Elements/Preview Content\"";
				ENABLE_PREVIEWS = YES;
				GENERATE_INFOPLIST_FILE = YES;
				INFOPLIST_KEY_UIApplicationSceneManifest_Generation = YES;
				INFOPLIST_KEY_UIApplicationSupportsIndirectInputEvents = YES;
				INFOPLIST_KEY_UILaunchScreen_Generation = YES;
				INFOPLIST_KEY_UISupportedInterfaceOrientations_iPad = "UIInterfaceOrientationPortrait UIInterfaceOrientationPortraitUpsideDown UIInterfaceOrientationLandscapeLeft UIInterfaceOrientationLandscapeRight";
				INFOPLIST_KEY_UISupportedInterfaceOrientations_iPhone = "UIInterfaceOrientationPortrait UIInterfaceOrientationLandscapeLeft UIInterfaceOrientationLandscapeRight";
				LD_RUNPATH_SEARCH_PATHS = (
					"$(inherited)",
					"@executable_path/Frameworks",
				);
				MARKETING_VERSION = 1.0;
				PRODUCT_BUNDLE_IDENTIFIER = exam.Elements;
				PRODUCT_NAME = "$(TARGET_NAME)";
				SWIFT_EMIT_LOC_STRINGS = YES;
				SWIFT_VERSION = 5.0;
				TARGETED_DEVICE_FAMILY = "1,2";
			};
			name = Release;
		};
		DC1452892E1BD2DA00F534EA /* Debug */ = {
			isa = XCBuildConfiguration;
			buildSettings = {
				BUNDLE_LOADER = "$(TEST_HOST)";
				CODE_SIGN_STYLE = Automatic;
				CURRENT_PROJECT_VERSION = 1;
				GENERATE_INFOPLIST_FILE = YES;
				IPHONEOS_DEPLOYMENT_TARGET = 18.2;
				MARKETING_VERSION = 1.0;
				PRODUCT_BUNDLE_IDENTIFIER = exam.ElementsTests;
				PRODUCT_NAME = "$(TARGET_NAME)";
				SWIFT_EMIT_LOC_STRINGS = NO;
				SWIFT_VERSION = 5.0;
				TARGETED_DEVICE_FAMILY = "1,2";
				TEST_HOST = "$(BUILT_PRODUCTS_DIR)/Elements.app/$(BUNDLE_EXECUTABLE_FOLDER_PATH)/Elements";
			};
			name = Debug;
		};
		DC14528A2E1BD2DA00F534EA /* Release */ = {
			isa = XCBuildConfiguration;
			buildSettings = {
				BUNDLE_LOADER = "$(TEST_HOST)";
				CODE_SIGN_STYLE = Automatic;
				CURRENT_PROJECT_VERSION = 1;
				GENERATE_INFOPLIST_FILE = YES;
				IPHONEOS_DEPLOYMENT_TARGET = 18.2;
				MARKETING_VERSION = 1.0;
				PRODUCT_BUNDLE_IDENTIFIER = exam.ElementsTests;
				PRODUCT_NAME = "$(TARGET_NAME)";
				SWIFT_EMIT_LOC_STRINGS = NO;
				SWIFT_VERSION = 5.0;
				TARGETED_DEVICE_FAMILY = "1,2";
				TEST_HOST = "$(BUILT_PRODUCTS_DIR)/Elements.app/$(BUNDLE_EXECUTABLE_FOLDER_PATH)/Elements";
			};
			name = Release;
		};
		DC14528C2E1BD2DA00F534EA /* Debug */ = {
			isa = XCBuildConfiguration;
			buildSettings = {
				CODE_SIGN_STYLE = Automatic;
				CURRENT_PROJECT_VERSION = 1;
				GENERATE_INFOPLIST_FILE = YES;
				MARKETING_VERSION = 1.0;
				PRODUCT_BUNDLE_IDENTIFIER = exam.ElementsUITests;
				PRODUCT_NAME = "$(TARGET_NAME)";
				SWIFT_EMIT_LOC_STRINGS = NO;
				SWIFT_VERSION = 5.0;
				TARGETED_DEVICE_FAMILY = "1,2";
				TEST_TARGET_NAME = Elements;
			};
			name = Debug;
		};
		DC14528D2E1BD2DA00F534EA /* Release */ = {
			isa = XCBuildConfiguration;
			buildSettings = {
				CODE_SIGN_STYLE = Automatic;
				CURRENT_PROJECT_VERSION = 1;
				GENERATE_INFOPLIST_FILE = YES;
				MARKETING_VERSION = 1.0;
				PRODUCT_BUNDLE_IDENTIFIER = exam.ElementsUITests;
				PRODUCT_NAME = "$(TARGET_NAME)";
				SWIFT_EMIT_LOC_STRINGS = NO;
				SWIFT_VERSION = 5.0;
				TARGETED_DEVICE_FAMILY = "1,2";
				TEST_TARGET_NAME = Elements;
			};
			name = Release;
		};
/* End XCBuildConfiguration section */

/* Begin XCConfigurationList section */
		DC14525C2E1BD2D900F534EA /* Build configuration list for PBXProject "Elements" */ = {
			isa = XCConfigurationList;
			buildConfigurations = (
				DC1452832E1BD2DA00F534EA /* Debug */,
				DC1452842E1BD2DA00F534EA /* Release */,
			);
			defaultConfigurationIsVisible = 0;
			defaultConfigurationName = Release;
		};
		DC1452852E1BD2DA00F534EA /* Build configuration list for PBXNativeTarget "Elements" */ = {
			isa = XCConfigurationList;
			buildConfigurations = (
				DC1452862E1BD2DA00F534EA /* Debug */,
				DC1452872E1BD2DA00F534EA /* Release */,
			);
			defaultConfigurationIsVisible = 0;
			defaultConfigurationName = Release;
		};
		DC1452882E1BD2DA00F534EA /* Build configuration list for PBXNativeTarget "ElementsTests" */ = {
			isa = XCConfigurationList;
			buildConfigurations = (
				DC1452892E1BD2DA00F534EA /* Debug */,
				DC14528A2E1BD2DA00F534EA /* Release */,
			);
			defaultConfigurationIsVisible = 0;
			defaultConfigurationName = Release;
		};
		DC14528B2E1BD2DA00F534EA /* Build configuration list for PBXNativeTarget "ElementsUITests" */ = {
			isa = XCConfigurationList;
			buildConfigurations = (
				DC14528C2E1BD2DA00F534EA /* Debug */,
				DC14528D2E1BD2DA00F534EA /* Release */,
			);
			defaultConfigurationIsVisible = 0;
			defaultConfigurationName = Release;
		};
/* End XCConfigurationList section */
	};
	rootObject = DC1452592E1BD2D900F534EA /* Project object */;
}
